
Microsoft Visual Studio Solution File, Format Version 12.00
# Visual Studio 15
VisualStudioVersion = 15.0.27130.2036
MinimumVisualStudioVersion = 10.0.40219.1
Project("{FAE04EC0-301F-11D3-BF4B-00C04F79EFBC}") = "FontAwesome.Android", "FontAwesome\FontAwesome.Android\FontAwesome.Android.csproj", "{31450590-9691-48C9-95EE-B783DB7D96BB}"
EndProject
Project("{FAE04EC0-301F-11D3-BF4B-00C04F79EFBC}") = "FontAwesome.iOS", "FontAwesome\FontAwesome.iOS\FontAwesome.iOS.csproj", "{9F2B1B7C-08F1-4C76-BD32-13DA0BD4AB6C}"
EndProject
Project("{FAE04EC0-301F-11D3-BF4B-00C04F79EFBC}") = "FontAwesome.UWP", "FontAwesome\FontAwesome.UWP\FontAwesome.UWP.csproj", "{6C2B3F22-F20B-4337-B72C-1D790D0AC532}"
EndProject
Project("{FAE04EC0-301F-11D3-BF4B-00C04F79EFBC}") = "FontAwesome", "FontAwesome\FontAwesome\FontAwesome.csproj", "{CB50E517-B56C-4CE5-A33C-EF926C0D4968}"
EndProject
Global
	GlobalSection(SolutionConfigurationPlatforms) = preSolution
		Ad-Hoc|Any CPU = Ad-Hoc|Any CPU
		Ad-Hoc|ARM = Ad-Hoc|ARM
		Ad-Hoc|iPhone = Ad-Hoc|iPhone
		Ad-Hoc|iPhoneSimulator = Ad-Hoc|iPhoneSimulator
		Ad-Hoc|x64 = Ad-Hoc|x64
		Ad-Hoc|x86 = Ad-Hoc|x86
		AppStore|Any CPU = AppStore|Any CPU
		AppStore|ARM = AppStore|ARM
		AppStore|iPhone = AppStore|iPhone
		AppStore|iPhoneSimulator = AppStore|iPhoneSimulator
		AppStore|x64 = AppStore|x64
		AppStore|x86 = AppStore|x86
		Debug|Any CPU = Debug|Any CPU
		Debug|ARM = Debug|ARM
		Debug|iPhone = Debug|iPhone
		Debug|iPhoneSimulator = Debug|iPhoneSimulator
		Debug|x64 = Debug|x64
		Debug|x86 = Debug|x86
		Release|Any CPU = Release|Any CPU
		Release|ARM = Release|ARM
		Release|iPhone = Release|iPhone
		Release|iPhoneSimulator = Release|iPhoneSimulator
		Release|x64 = Release|x64
		Release|x86 = Release|x86
	EndGlobalSection
	GlobalSection(ProjectConfigurationPlatforms) = postSolution
		{31450590-9691-48C9-95EE-B783DB7D96BB}.Ad-Hoc|Any CPU.ActiveCfg = Release|Any CPU
		{31450590-9691-48C9-95EE-B783DB7D96BB}.Ad-Hoc|Any CPU.Build.0 = Release|Any CPU
		{31450590-9691-48C9-95EE-B783DB7D96BB}.Ad-Hoc|Any CPU.Deploy.0 = Release|Any CPU
		{31450590-9691-48C9-95EE-B783DB7D96BB}.Ad-Hoc|ARM.ActiveCfg = Release|Any CPU
		{31450590-9691-48C9-95EE-B783DB7D96BB}.Ad-Hoc|ARM.Build.0 = Release|Any CPU
		{31450590-9691-48C9-95EE-B783DB7D96BB}.Ad-Hoc|ARM.Deploy.0 = Release|Any CPU
		{31450590-9691-48C9-95EE-B783DB7D96BB}.Ad-Hoc|iPhone.ActiveCfg = Release|Any CPU
		{31450590-9691-48C9-95EE-B783DB7D96BB}.Ad-Hoc|iPhone.Build.0 = Release|Any CPU
		{31450590-9691-48C9-95EE-B783DB7D96BB}.Ad-Hoc|iPhone.Deploy.0 = Release|Any CPU
		{31450590-9691-48C9-95EE-B783DB7D96BB}.Ad-Hoc|iPhoneSimulator.ActiveCfg = Release|Any CPU
		{31450590-9691-48C9-95EE-B783DB7D96BB}.Ad-Hoc|iPhoneSimulator.Build.0 = Release|Any CPU
		{31450590-9691-48C9-95EE-B783DB7D96BB}.Ad-Hoc|iPhoneSimulator.Deploy.0 = Release|Any CPU
		{31450590-9691-48C9-95EE-B783DB7D96BB}.Ad-Hoc|x64.ActiveCfg = Release|Any CPU
		{31450590-9691-48C9-95EE-B783DB7D96BB}.Ad-Hoc|x64.Build.0 = Release|Any CPU
		{31450590-9691-48C9-95EE-B783DB7D96BB}.Ad-Hoc|x64.Deploy.0 = Release|Any CPU
		{31450590-9691-48C9-95EE-B783DB7D96BB}.Ad-Hoc|x86.ActiveCfg = Release|Any CPU
		{31450590-9691-48C9-95EE-B783DB7D96BB}.Ad-Hoc|x86.Build.0 = Release|Any CPU
		{31450590-9691-48C9-95EE-B783DB7D96BB}.Ad-Hoc|x86.Deploy.0 = Release|Any CPU
		{31450590-9691-48C9-95EE-B783DB7D96BB}.AppStore|Any CPU.ActiveCfg = Release|Any CPU
		{31450590-9691-48C9-95EE-B783DB7D96BB}.AppStore|Any CPU.Build.0 = Release|Any CPU
		{31450590-9691-48C9-95EE-B783DB7D96BB}.AppStore|Any CPU.Deploy.0 = Release|Any CPU
		{31450590-9691-48C9-95EE-B783DB7D96BB}.AppStore|ARM.ActiveCfg = Release|Any CPU
		{31450590-9691-48C9-95EE-B783DB7D96BB}.AppStore|ARM.Build.0 = Release|Any CPU
		{31450590-9691-48C9-95EE-B783DB7D96BB}.AppStore|ARM.Deploy.0 = Release|Any CPU
		{31450590-9691-48C9-95EE-B783DB7D96BB}.AppStore|iPhone.ActiveCfg = Release|Any CPU
		{31450590-9691-48C9-95EE-B783DB7D96BB}.AppStore|iPhone.Build.0 = Release|Any CPU
		{31450590-9691-48C9-95EE-B783DB7D96BB}.AppStore|iPhone.Deploy.0 = Release|Any CPU
		{31450590-9691-48C9-95EE-B783DB7D96BB}.AppStore|iPhoneSimulator.ActiveCfg = Release|Any CPU
		{31450590-9691-48C9-95EE-B783DB7D96BB}.AppStore|iPhoneSimulator.Build.0 = Release|Any CPU
		{31450590-9691-48C9-95EE-B783DB7D96BB}.AppStore|iPhoneSimulator.Deploy.0 = Release|Any CPU
		{31450590-9691-48C9-95EE-B783DB7D96BB}.AppStore|x64.ActiveCfg = Release|Any CPU
		{31450590-9691-48C9-95EE-B783DB7D96BB}.AppStore|x64.Build.0 = Release|Any CPU
		{31450590-9691-48C9-95EE-B783DB7D96BB}.AppStore|x64.Deploy.0 = Release|Any CPU
		{31450590-9691-48C9-95EE-B783DB7D96BB}.AppStore|x86.ActiveCfg = Release|Any CPU
		{31450590-9691-48C9-95EE-B783DB7D96BB}.AppStore|x86.Build.0 = Release|Any CPU
		{31450590-9691-48C9-95EE-B783DB7D96BB}.AppStore|x86.Deploy.0 = Release|Any CPU
		{31450590-9691-48C9-95EE-B783DB7D96BB}.Debug|Any CPU.ActiveCfg = Debug|Any CPU
		{31450590-9691-48C9-95EE-B783DB7D96BB}.Debug|Any CPU.Build.0 = Debug|Any CPU
		{31450590-9691-48C9-95EE-B783DB7D96BB}.Debug|Any CPU.Deploy.0 = Debug|Any CPU
		{31450590-9691-48C9-95EE-B783DB7D96BB}.Debug|ARM.ActiveCfg = Debug|Any CPU
		{31450590-9691-48C9-95EE-B783DB7D96BB}.Debug|ARM.Build.0 = Debug|Any CPU
		{31450590-9691-48C9-95EE-B783DB7D96BB}.Debug|ARM.Deploy.0 = Debug|Any CPU
		{31450590-9691-48C9-95EE-B783DB7D96BB}.Debug|iPhone.ActiveCfg = Debug|Any CPU
		{31450590-9691-48C9-95EE-B783DB7D96BB}.Debug|iPhone.Build.0 = Debug|Any CPU
		{31450590-9691-48C9-95EE-B783DB7D96BB}.Debug|iPhone.Deploy.0 = Debug|Any CPU
		{31450590-9691-48C9-95EE-B783DB7D96BB}.Debug|iPhoneSimulator.ActiveCfg = Debug|Any CPU
		{31450590-9691-48C9-95EE-B783DB7D96BB}.Debug|iPhoneSimulator.Build.0 = Debug|Any CPU
		{31450590-9691-48C9-95EE-B783DB7D96BB}.Debug|iPhoneSimulator.Deploy.0 = Debug|Any CPU
		{31450590-9691-48C9-95EE-B783DB7D96BB}.Debug|x64.ActiveCfg = Debug|Any CPU
		{31450590-9691-48C9-95EE-B783DB7D96BB}.Debug|x64.Build.0 = Debug|Any CPU
		{31450590-9691-48C9-95EE-B783DB7D96BB}.Debug|x64.Deploy.0 = Debug|Any CPU
		{31450590-9691-48C9-95EE-B783DB7D96BB}.Debug|x86.ActiveCfg = Debug|Any CPU
		{31450590-9691-48C9-95EE-B783DB7D96BB}.Debug|x86.Build.0 = Debug|Any CPU
		{31450590-9691-48C9-95EE-B783DB7D96BB}.Debug|x86.Deploy.0 = Debug|Any CPU
		{31450590-9691-48C9-95EE-B783DB7D96BB}.Release|Any CPU.ActiveCfg = Release|Any CPU
		{31450590-9691-48C9-95EE-B783DB7D96BB}.Release|Any CPU.Build.0 = Release|Any CPU
		{31450590-9691-48C9-95EE-B783DB7D96BB}.Release|Any CPU.Deploy.0 = Release|Any CPU
		{31450590-9691-48C9-95EE-B783DB7D96BB}.Release|ARM.ActiveCfg = Release|Any CPU
		{31450590-9691-48C9-95EE-B783DB7D96BB}.Release|ARM.Build.0 = Release|Any CPU
		{31450590-9691-48C9-95EE-B783DB7D96BB}.Release|ARM.Deploy.0 = Release|Any CPU
		{31450590-9691-48C9-95EE-B783DB7D96BB}.Release|iPhone.ActiveCfg = Release|Any CPU
		{31450590-9691-48C9-95EE-B783DB7D96BB}.Release|iPhone.Build.0 = Release|Any CPU
		{31450590-9691-48C9-95EE-B783DB7D96BB}.Release|iPhone.Deploy.0 = Release|Any CPU
		{31450590-9691-48C9-95EE-B783DB7D96BB}.Release|iPhoneSimulator.ActiveCfg = Release|Any CPU
		{31450590-9691-48C9-95EE-B783DB7D96BB}.Release|iPhoneSimulator.Build.0 = Release|Any CPU
		{31450590-9691-48C9-95EE-B783DB7D96BB}.Release|iPhoneSimulator.Deploy.0 = Release|Any CPU
		{31450590-9691-48C9-95EE-B783DB7D96BB}.Release|x64.ActiveCfg = Release|Any CPU
		{31450590-9691-48C9-95EE-B783DB7D96BB}.Release|x64.Build.0 = Release|Any CPU
		{31450590-9691-48C9-95EE-B783DB7D96BB}.Release|x64.Deploy.0 = Release|Any CPU
		{31450590-9691-48C9-95EE-B783DB7D96BB}.Release|x86.ActiveCfg = Release|Any CPU
		{31450590-9691-48C9-95EE-B783DB7D96BB}.Release|x86.Build.0 = Release|Any CPU
		{31450590-9691-48C9-95EE-B783DB7D96BB}.Release|x86.Deploy.0 = Release|Any CPU
		{9F2B1B7C-08F1-4C76-BD32-13DA0BD4AB6C}.Ad-Hoc|Any CPU.ActiveCfg = Ad-Hoc|iPhone
		{9F2B1B7C-08F1-4C76-BD32-13DA0BD4AB6C}.Ad-Hoc|ARM.ActiveCfg = Ad-Hoc|iPhone
		{9F2B1B7C-08F1-4C76-BD32-13DA0BD4AB6C}.Ad-Hoc|iPhone.ActiveCfg = Ad-Hoc|iPhone
		{9F2B1B7C-08F1-4C76-BD32-13DA0BD4AB6C}.Ad-Hoc|iPhone.Build.0 = Ad-Hoc|iPhone
		{9F2B1B7C-08F1-4C76-BD32-13DA0BD4AB6C}.Ad-Hoc|iPhoneSimulator.ActiveCfg = Ad-Hoc|iPhoneSimulator
		{9F2B1B7C-08F1-4C76-BD32-13DA0BD4AB6C}.Ad-Hoc|iPhoneSimulator.Build.0 = Ad-Hoc|iPhoneSimulator
		{9F2B1B7C-08F1-4C76-BD32-13DA0BD4AB6C}.Ad-Hoc|x64.ActiveCfg = Ad-Hoc|iPhone
		{9F2B1B7C-08F1-4C76-BD32-13DA0BD4AB6C}.Ad-Hoc|x86.ActiveCfg = Ad-Hoc|iPhone
		{9F2B1B7C-08F1-4C76-BD32-13DA0BD4AB6C}.AppStore|Any CPU.ActiveCfg = AppStore|iPhone
		{9F2B1B7C-08F1-4C76-BD32-13DA0BD4AB6C}.AppStore|ARM.ActiveCfg = AppStore|iPhone
		{9F2B1B7C-08F1-4C76-BD32-13DA0BD4AB6C}.AppStore|iPhone.ActiveCfg = AppStore|iPhone
		{9F2B1B7C-08F1-4C76-BD32-13DA0BD4AB6C}.AppStore|iPhone.Build.0 = AppStore|iPhone
		{9F2B1B7C-08F1-4C76-BD32-13DA0BD4AB6C}.AppStore|iPhoneSimulator.ActiveCfg = AppStore|iPhoneSimulator
		{9F2B1B7C-08F1-4C76-BD32-13DA0BD4AB6C}.AppStore|iPhoneSimulator.Build.0 = AppStore|iPhoneSimulator
		{9F2B1B7C-08F1-4C76-BD32-13DA0BD4AB6C}.AppStore|x64.ActiveCfg = AppStore|iPhone
		{9F2B1B7C-08F1-4C76-BD32-13DA0BD4AB6C}.AppStore|x86.ActiveCfg = AppStore|iPhone
		{9F2B1B7C-08F1-4C76-BD32-13DA0BD4AB6C}.Debug|Any CPU.ActiveCfg = Debug|iPhone
		{9F2B1B7C-08F1-4C76-BD32-13DA0BD4AB6C}.Debug|ARM.ActiveCfg = Debug|iPhone
		{9F2B1B7C-08F1-4C76-BD32-13DA0BD4AB6C}.Debug|iPhone.ActiveCfg = Debug|iPhone
		{9F2B1B7C-08F1-4C76-BD32-13DA0BD4AB6C}.Debug|iPhone.Build.0 = Debug|iPhone
		{9F2B1B7C-08F1-4C76-BD32-13DA0BD4AB6C}.Debug|iPhoneSimulator.ActiveCfg = Debug|iPhoneSimulator
		{9F2B1B7C-08F1-4C76-BD32-13DA0BD4AB6C}.Debug|iPhoneSimulator.Build.0 = Debug|iPhoneSimulator
		{9F2B1B7C-08F1-4C76-BD32-13DA0BD4AB6C}.Debug|x64.ActiveCfg = Debug|iPhone
		{9F2B1B7C-08F1-4C76-BD32-13DA0BD4AB6C}.Debug|x86.ActiveCfg = Debug|iPhone
		{9F2B1B7C-08F1-4C76-BD32-13DA0BD4AB6C}.Release|Any CPU.ActiveCfg = Release|iPhone
		{9F2B1B7C-08F1-4C76-BD32-13DA0BD4AB6C}.Release|ARM.ActiveCfg = Release|iPhone
		{9F2B1B7C-08F1-4C76-BD32-13DA0BD4AB6C}.Release|iPhone.ActiveCfg = Release|iPhone
		{9F2B1B7C-08F1-4C76-BD32-13DA0BD4AB6C}.Release|iPhone.Build.0 = Release|iPhone
		{9F2B1B7C-08F1-4C76-BD32-13DA0BD4AB6C}.Release|iPhoneSimulator.ActiveCfg = Release|iPhoneSimulator
		{9F2B1B7C-08F1-4C76-BD32-13DA0BD4AB6C}.Release|iPhoneSimulator.Build.0 = Release|iPhoneSimulator
		{9F2B1B7C-08F1-4C76-BD32-13DA0BD4AB6C}.Release|x64.ActiveCfg = Release|iPhone
		{9F2B1B7C-08F1-4C76-BD32-13DA0BD4AB6C}.Release|x86.ActiveCfg = Release|iPhone
		{6C2B3F22-F20B-4337-B72C-1D790D0AC532}.Ad-Hoc|Any CPU.ActiveCfg = Release|x86
		{6C2B3F22-F20B-4337-B72C-1D790D0AC532}.Ad-Hoc|Any CPU.Build.0 = Release|x86
		{6C2B3F22-F20B-4337-B72C-1D790D0AC532}.Ad-Hoc|Any CPU.Deploy.0 = Release|x86
		{6C2B3F22-F20B-4337-B72C-1D790D0AC532}.Ad-Hoc|ARM.ActiveCfg = Release|ARM
		{6C2B3F22-F20B-4337-B72C-1D790D0AC532}.Ad-Hoc|ARM.Build.0 = Release|ARM
		{6C2B3F22-F20B-4337-B72C-1D790D0AC532}.Ad-Hoc|ARM.Deploy.0 = Release|ARM
		{6C2B3F22-F20B-4337-B72C-1D790D0AC532}.Ad-Hoc|iPhone.ActiveCfg = Release|x86
		{6C2B3F22-F20B-4337-B72C-1D790D0AC532}.Ad-Hoc|iPhone.Build.0 = Release|x86
		{6C2B3F22-F20B-4337-B72C-1D790D0AC532}.Ad-Hoc|iPhone.Deploy.0 = Release|x86
		{6C2B3F22-F20B-4337-B72C-1D790D0AC532}.Ad-Hoc|iPhoneSimulator.ActiveCfg = Release|x86
		{6C2B3F22-F20B-4337-B72C-1D790D0AC532}.Ad-Hoc|iPhoneSimulator.Build.0 = Release|x86
		{6C2B3F22-F20B-4337-B72C-1D790D0AC532}.Ad-Hoc|iPhoneSimulator.Deploy.0 = Release|x86
		{6C2B3F22-F20B-4337-B72C-1D790D0AC532}.Ad-Hoc|x64.ActiveCfg = Release|x64
		{6C2B3F22-F20B-4337-B72C-1D790D0AC532}.Ad-Hoc|x64.Build.0 = Release|x64
		{6C2B3F22-F20B-4337-B72C-1D790D0AC532}.Ad-Hoc|x64.Deploy.0 = Release|x64
		{6C2B3F22-F20B-4337-B72C-1D790D0AC532}.Ad-Hoc|x86.ActiveCfg = Release|x86
		{6C2B3F22-F20B-4337-B72C-1D790D0AC532}.Ad-Hoc|x86.Build.0 = Release|x86
		{6C2B3F22-F20B-4337-B72C-1D790D0AC532}.Ad-Hoc|x86.Deploy.0 = Release|x86
		{6C2B3F22-F20B-4337-B72C-1D790D0AC532}.AppStore|Any CPU.ActiveCfg = Release|x86
		{6C2B3F22-F20B-4337-B72C-1D790D0AC532}.AppStore|Any CPU.Build.0 = Release|x86
		{6C2B3F22-F20B-4337-B72C-1D790D0AC532}.AppStore|Any CPU.Deploy.0 = Release|x86
		{6C2B3F22-F20B-4337-B72C-1D790D0AC532}.AppStore|ARM.ActiveCfg = Release|ARM
		{6C2B3F22-F20B-4337-B72C-1D790D0AC532}.AppStore|ARM.Build.0 = Release|ARM
		{6C2B3F22-F20B-4337-B72C-1D790D0AC532}.AppStore|ARM.Deploy.0 = Release|ARM
		{6C2B3F22-F20B-4337-B72C-1D790D0AC532}.AppStore|iPhone.ActiveCfg = Release|x86
		{6C2B3F22-F20B-4337-B72C-1D790D0AC532}.AppStore|iPhone.Build.0 = Release|x86
		{6C2B3F22-F20B-4337-B72C-1D790D0AC532}.AppStore|iPhone.Deploy.0 = Release|x86
		{6C2B3F22-F20B-4337-B72C-1D790D0AC532}.AppStore|iPhoneSimulator.ActiveCfg = Release|x86
		{6C2B3F22-F20B-4337-B72C-1D790D0AC532}.AppStore|iPhoneSimulator.Build.0 = Release|x86
		{6C2B3F22-F20B-4337-B72C-1D790D0AC532}.AppStore|iPhoneSimulator.Deploy.0 = Release|x86
		{6C2B3F22-F20B-4337-B72C-1D790D0AC532}.AppStore|x64.ActiveCfg = Release|x64
		{6C2B3F22-F20B-4337-B72C-1D790D0AC532}.AppStore|x64.Build.0 = Release|x64
		{6C2B3F22-F20B-4337-B72C-1D790D0AC532}.AppStore|x64.Deploy.0 = Release|x64
		{6C2B3F22-F20B-4337-B72C-1D790D0AC532}.AppStore|x86.ActiveCfg = Release|x86
		{6C2B3F22-F20B-4337-B72C-1D790D0AC532}.AppStore|x86.Build.0 = Release|x86
		{6C2B3F22-F20B-4337-B72C-1D790D0AC532}.AppStore|x86.Deploy.0 = Release|x86
		{6C2B3F22-F20B-4337-B72C-1D790D0AC532}.Debug|Any CPU.ActiveCfg = Debug|x86
		{6C2B3F22-F20B-4337-B72C-1D790D0AC532}.Debug|ARM.ActiveCfg = Debug|ARM
		{6C2B3F22-F20B-4337-B72C-1D790D0AC532}.Debug|ARM.Build.0 = Debug|ARM
		{6C2B3F22-F20B-4337-B72C-1D790D0AC532}.Debug|ARM.Deploy.0 = Debug|ARM
		{6C2B3F22-F20B-4337-B72C-1D790D0AC532}.Debug|iPhone.ActiveCfg = Debug|x86
		{6C2B3F22-F20B-4337-B72C-1D790D0AC532}.Debug|iPhoneSimulator.ActiveCfg = Debug|x86
		{6C2B3F22-F20B-4337-B72C-1D790D0AC532}.Debug|x64.ActiveCfg = Debug|x64
		{6C2B3F22-F20B-4337-B72C-1D790D0AC532}.Debug|x64.Build.0 = Debug|x64
		{6C2B3F22-F20B-4337-B72C-1D790D0AC532}.Debug|x64.Deploy.0 = Debug|x64
		{6C2B3F22-F20B-4337-B72C-1D790D0AC532}.Debug|x86.ActiveCfg = Debug|x86
		{6C2B3F22-F20B-4337-B72C-1D790D0AC532}.Debug|x86.Build.0 = Debug|x86
		{6C2B3F22-F20B-4337-B72C-1D790D0AC532}.Debug|x86.Deploy.0 = Debug|x86
		{6C2B3F22-F20B-4337-B72C-1D790D0AC532}.Release|Any CPU.ActiveCfg = Release|x86
		{6C2B3F22-F20B-4337-B72C-1D790D0AC532}.Release|ARM.ActiveCfg = Release|ARM
		{6C2B3F22-F20B-4337-B72C-1D790D0AC532}.Release|ARM.Build.0 = Release|ARM
		{6C2B3F22-F20B-4337-B72C-1D790D0AC532}.Release|ARM.Deploy.0 = Release|ARM
		{6C2B3F22-F20B-4337-B72C-1D790D0AC532}.Release|iPhone.ActiveCfg = Release|x86
		{6C2B3F22-F20B-4337-B72C-1D790D0AC532}.Release|iPhoneSimulator.ActiveCfg = Release|x86
		{6C2B3F22-F20B-4337-B72C-1D790D0AC532}.Release|x64.ActiveCfg = Release|x64
		{6C2B3F22-F20B-4337-B72C-1D790D0AC532}.Release|x64.Build.0 = Release|x64
		{6C2B3F22-F20B-4337-B72C-1D790D0AC532}.Release|x64.Deploy.0 = Release|x64
		{6C2B3F22-F20B-4337-B72C-1D790D0AC532}.Release|x86.ActiveCfg = Release|x86
		{6C2B3F22-F20B-4337-B72C-1D790D0AC532}.Release|x86.Build.0 = Release|x86
		{6C2B3F22-F20B-4337-B72C-1D790D0AC532}.Release|x86.Deploy.0 = Release|x86
		{CB50E517-B56C-4CE5-A33C-EF926C0D4968}.Ad-Hoc|Any CPU.ActiveCfg = Debug|Any CPU
		{CB50E517-B56C-4CE5-A33C-EF926C0D4968}.Ad-Hoc|Any CPU.Build.0 = Debug|Any CPU
		{CB50E517-B56C-4CE5-A33C-EF926C0D4968}.Ad-Hoc|ARM.ActiveCfg = Debug|Any CPU
		{CB50E517-B56C-4CE5-A33C-EF926C0D4968}.Ad-Hoc|ARM.Build.0 = Debug|Any CPU
		{CB50E517-B56C-4CE5-A33C-EF926C0D4968}.Ad-Hoc|iPhone.ActiveCfg = Debug|Any CPU
		{CB50E517-B56C-4CE5-A33C-EF926C0D4968}.Ad-Hoc|iPhone.Build.0 = Debug|Any CPU
		{CB50E517-B56C-4CE5-A33C-EF926C0D4968}.Ad-Hoc|iPhoneSimulator.ActiveCfg = Debug|Any CPU
		{CB50E517-B56C-4CE5-A33C-EF926C0D4968}.Ad-Hoc|iPhoneSimulator.Build.0 = Debug|Any CPU
		{CB50E517-B56C-4CE5-A33C-EF926C0D4968}.Ad-Hoc|x64.ActiveCfg = Debug|Any CPU
		{CB50E517-B56C-4CE5-A33C-EF926C0D4968}.Ad-Hoc|x64.Build.0 = Debug|Any CPU
		{CB50E517-B56C-4CE5-A33C-EF926C0D4968}.Ad-Hoc|x86.ActiveCfg = Debug|Any CPU
		{CB50E517-B56C-4CE5-A33C-EF926C0D4968}.Ad-Hoc|x86.Build.0 = Debug|Any CPU
		{CB50E517-B56C-4CE5-A33C-EF926C0D4968}.AppStore|Any CPU.ActiveCfg = Debug|Any CPU
		{CB50E517-B56C-4CE5-A33C-EF926C0D4968}.AppStore|Any CPU.Build.0 = Debug|Any CPU
		{CB50E517-B56C-4CE5-A33C-EF926C0D4968}.AppStore|ARM.ActiveCfg = Debug|Any CPU
		{CB50E517-B56C-4CE5-A33C-EF926C0D4968}.AppStore|ARM.Build.0 = Debug|Any CPU
		{CB50E517-B56C-4CE5-A33C-EF926C0D4968}.AppStore|iPhone.ActiveCfg = Debug|Any CPU
		{CB50E517-B56C-4CE5-A33C-EF926C0D4968}.AppStore|iPhone.Build.0 = Debug|Any CPU
		{CB50E517-B56C-4CE5-A33C-EF926C0D4968}.AppStore|iPhoneSimulator.ActiveCfg = Debug|Any CPU
		{CB50E517-B56C-4CE5-A33C-EF926C0D4968}.AppStore|iPhoneSimulator.Build.0 = Debug|Any CPU
		{CB50E517-B56C-4CE5-A33C-EF926C0D4968}.AppStore|x64.ActiveCfg = Debug|Any CPU
		{CB50E517-B56C-4CE5-A33C-EF926C0D4968}.AppStore|x64.Build.0 = Debug|Any CPU
		{CB50E517-B56C-4CE5-A33C-EF926C0D4968}.AppStore|x86.ActiveCfg = Debug|Any CPU
		{CB50E517-B56C-4CE5-A33C-EF926C0D4968}.AppStore|x86.Build.0 = Debug|Any CPU
		{CB50E517-B56C-4CE5-A33C-EF926C0D4968}.Debug|Any CPU.ActiveCfg = Debug|Any CPU
		{CB50E517-B56C-4CE5-A33C-EF926C0D4968}.Debug|Any CPU.Build.0 = Debug|Any CPU
		{CB50E517-B56C-4CE5-A33C-EF926C0D4968}.Debug|ARM.ActiveCfg = Debug|Any CPU
		{CB50E517-B56C-4CE5-A33C-EF926C0D4968}.Debug|ARM.Build.0 = Debug|Any CPU
		{CB50E517-B56C-4CE5-A33C-EF926C0D4968}.Debug|iPhone.ActiveCfg = Debug|Any CPU
		{CB50E517-B56C-4CE5-A33C-EF926C0D4968}.Debug|iPhone.Build.0 = Debug|Any CPU
		{CB50E517-B56C-4CE5-A33C-EF926C0D4968}.Debug|iPhoneSimulator.ActiveCfg = Debug|Any CPU
		{CB50E517-B56C-4CE5-A33C-EF926C0D4968}.Debug|iPhoneSimulator.Build.0 = Debug|Any CPU
		{CB50E517-B56C-4CE5-A33C-EF926C0D4968}.Debug|x64.ActiveCfg = Debug|Any CPU
		{CB50E517-B56C-4CE5-A33C-EF926C0D4968}.Debug|x64.Build.0 = Debug|Any CPU
		{CB50E517-B56C-4CE5-A33C-EF926C0D4968}.Debug|x86.ActiveCfg = Debug|Any CPU
		{CB50E517-B56C-4CE5-A33C-EF926C0D4968}.Debug|x86.Build.0 = Debug|Any CPU
		{CB50E517-B56C-4CE5-A33C-EF926C0D4968}.Release|Any CPU.ActiveCfg = Release|Any CPU
		{CB50E517-B56C-4CE5-A33C-EF926C0D4968}.Release|Any CPU.Build.0 = Release|Any CPU
		{CB50E517-B56C-4CE5-A33C-EF926C0D4968}.Release|ARM.ActiveCfg = Release|Any CPU
		{CB50E517-B56C-4CE5-A33C-EF926C0D4968}.Release|ARM.Build.0 = Release|Any CPU
		{CB50E517-B56C-4CE5-A33C-EF926C0D4968}.Release|iPhone.ActiveCfg = Release|Any CPU
		{CB50E517-B56C-4CE5-A33C-EF926C0D4968}.Release|iPhone.Build.0 = Release|Any CPU
		{CB50E517-B56C-4CE5-A33C-EF926C0D4968}.Release|iPhoneSimulator.ActiveCfg = Release|Any CPU
		{CB50E517-B56C-4CE5-A33C-EF926C0D4968}.Release|iPhoneSimulator.Build.0 = Release|Any CPU
		{CB50E517-B56C-4CE5-A33C-EF926C0D4968}.Release|x64.ActiveCfg = Release|Any CPU
		{CB50E517-B56C-4CE5-A33C-EF926C0D4968}.Release|x64.Build.0 = Release|Any CPU
		{CB50E517-B56C-4CE5-A33C-EF926C0D4968}.Release|x86.ActiveCfg = Release|Any CPU
		{CB50E517-B56C-4CE5-A33C-EF926C0D4968}.Release|x86.Build.0 = Release|Any CPU
	EndGlobalSection
	GlobalSection(SolutionProperties) = preSolution
		HideSolutionNode = FALSE
	EndGlobalSection
	GlobalSection(ExtensibilityGlobals) = postSolution
		SolutionGuid = {ACE2A76A-F560-4AE4-8E21-BC93E42EE2AE}
	EndGlobalSection
EndGlobal
